<?xml version="1.0" encoding="utf-8"?>
<Project ToolsVersion="4.0" xmlns="http://schemas.microsoft.com/developer/msbuild/2003">
  <ItemGroup>
    <Filter Include="Source Files">
      <UniqueIdentifier>{4FC737F1-C7A5-4376-A066-2A32D752A300}</UniqueIdentifier>
      <Extensions>cpp;c;cc;cxx;def;odl;idl;hpj;bat;asm;asmx</Extensions>
    </Filter>
    <Filter Include="Header Files">
      <UniqueIdentifier>{93995380-89BD-4b04-88EB-625FBE52EEEE}</UniqueIdentifier>
      <Extensions>h;hh;hpp;hxx;hm;inl;inc;xsd</Extensions>
    </Filter>
    <Filter Include="Resource Files">
      <UniqueIdentifier>{67DA6AB6-F800-4c08-8B7A-83BB121AADDD}</UniqueIdentifier>
      <Extensions>rc;ico;cur;bmp;dlg;rc2;rct;bin;rgs;gif;jpg;jpeg;jpe;resx;tiff;tif;png;wav;mfcribbon-ms</Extensions>
    </Filter>
    <Filter Include="dlibExts">
      <UniqueIdentifier>{5d761123-c79e-443c-adef-c8311fddf777}</UniqueIdentifier>
    </Filter>
    <Filter Include="dlibExts\png">
      <UniqueIdentifier>{d5781c6f-9baa-438c-8439-36cb5cd02bbb}</UniqueIdentifier>
    </Filter>
    <Filter Include="dlibExts\zlib">
      <UniqueIdentifier>{4ebc1fcd-5642-4d56-902c-a97f376b8444}</UniqueIdentifier>
    </Filter>
    <Filter Include="dlibExts\jpeg">
      <UniqueIdentifier>{08968afd-34ff-4ded-a91f-78121a953999}</UniqueIdentifier>
    </Filter>
  </ItemGroup>
  <ItemGroup>
    <Text Include="ReadMe.txt" />
  </ItemGroup>
  <ItemGroup>
    <ClInclude Include="stdafx.h">
      <Filter>Header Files</Filter>
    </ClInclude>
    <ClInclude Include="targetver.h">
      <Filter>Header Files</Filter>
    </ClInclude>
    <ClInclude Include="..\..\dlib\dlib\external\libpng\png.h">
      <Filter>dlibExts\png</Filter>
    </ClInclude>
    <ClInclude Include="..\..\dlib\dlib\external\libpng\pngconf.h">
      <Filter>dlibExts\png</Filter>
    </ClInclude>
    <ClInclude Include="..\..\dlib\dlib\external\libpng\pngdebug.h">
      <Filter>dlibExts\png</Filter>
    </ClInclude>
    <ClInclude Include="..\..\dlib\dlib\external\libpng\pnginfo.h">
      <Filter>dlibExts\png</Filter>
    </ClInclude>
    <ClInclude Include="..\..\dlib\dlib\external\libpng\pnglibconf.h">
      <Filter>dlibExts\png</Filter>
    </ClInclude>
    <ClInclude Include="..\..\dlib\dlib\external\libpng\pngpriv.h">
      <Filter>dlibExts\png</Filter>
    </ClInclude>
    <ClInclude Include="..\..\dlib\dlib\external\libpng\pngstruct.h">
      <Filter>dlibExts\png</Filter>
    </ClInclude>
    <ClInclude Include="..\..\dlib\dlib\external\zlib\crc32.h">
      <Filter>dlibExts\zlib</Filter>
    </ClInclude>
    <ClInclude Include="..\..\dlib\dlib\external\zlib\deflate.h">
      <Filter>dlibExts\zlib</Filter>
    </ClInclude>
    <ClInclude Include="..\..\dlib\dlib\external\zlib\gzguts.h">
      <Filter>dlibExts\zlib</Filter>
    </ClInclude>
    <ClInclude Include="..\..\dlib\dlib\external\zlib\inffast.h">
      <Filter>dlibExts\zlib</Filter>
    </ClInclude>
    <ClInclude Include="..\..\dlib\dlib\external\zlib\inffixed.h">
      <Filter>dlibExts\zlib</Filter>
    </ClInclude>
    <ClInclude Include="..\..\dlib\dlib\external\zlib\inflate.h">
      <Filter>dlibExts\zlib</Filter>
    </ClInclude>
    <ClInclude Include="..\..\dlib\dlib\external\zlib\inftrees.h">
      <Filter>dlibExts\zlib</Filter>
    </ClInclude>
    <ClInclude Include="..\..\dlib\dlib\external\zlib\trees.h">
      <Filter>dlibExts\zlib</Filter>
    </ClInclude>
    <ClInclude Include="..\..\dlib\dlib\external\zlib\zconf.h">
      <Filter>dlibExts\zlib</Filter>
    </ClInclude>
    <ClInclude Include="..\..\dlib\dlib\external\zlib\zlib.h">
      <Filter>dlibExts\zlib</Filter>
    </ClInclude>
    <ClInclude Include="..\..\dlib\dlib\external\zlib\zutil.h">
      <Filter>dlibExts\zlib</Filter>
    </ClInclude>
    <ClInclude Include="..\..\dlib\dlib\external\libjpeg\cderror.h">
      <Filter>dlibExts\jpeg</Filter>
    </ClInclude>
    <ClInclude Include="..\..\dlib\dlib\external\libjpeg\cdjpeg.h">
      <Filter>dlibExts\jpeg</Filter>
    </ClInclude>
    <ClInclude Include="..\..\dlib\dlib\external\libjpeg\jconfig.h">
      <Filter>dlibExts\jpeg</Filter>
    </ClInclude>
    <ClInclude Include="..\..\dlib\dlib\external\libjpeg\jdct.h">
      <Filter>dlibExts\jpeg</Filter>
    </ClInclude>
    <ClInclude Include="..\..\dlib\dlib\external\libjpeg\jerror.h">
      <Filter>dlibExts\jpeg</Filter>
    </ClInclude>
    <ClInclude Include="..\..\dlib\dlib\external\libjpeg\jinclude.h">
      <Filter>dlibExts\jpeg</Filter>
    </ClInclude>
    <ClInclude Include="..\..\dlib\dlib\external\libjpeg\jmemsys.h">
      <Filter>dlibExts\jpeg</Filter>
    </ClInclude>
    <ClInclude Include="..\..\dlib\dlib\external\libjpeg\jmorecfg.h">
      <Filter>dlibExts\jpeg</Filter>
    </ClInclude>
    <ClInclude Include="..\..\dlib\dlib\external\libjpeg\jpegint.h">
      <Filter>dlibExts\jpeg</Filter>
    </ClInclude>
    <ClInclude Include="..\..\dlib\dlib\external\libjpeg\jpeglib.h">
      <Filter>dlibExts\jpeg</Filter>
    </ClInclude>
    <ClInclude Include="..\..\dlib\dlib\external\libjpeg\jversion.h">
      <Filter>dlibExts\jpeg</Filter>
    </ClInclude>
    <ClInclude Include="..\..\dlib\dlib\external\libjpeg\transupp.h">
      <Filter>dlibExts\jpeg</Filter>
    </ClInclude>
    <ClInclude Include="VedaFaces.h">
      <Filter>Source Files</Filter>
    </ClInclude>
    <ClInclude Include="veda_interface.h">
      <Filter>Source Files</Filter>
    </ClInclude>
    <ClInclude Include="windebug.h">
      <Filter>Source Files</Filter>
    </ClInclude>
    <ClInclude Include="utils.h">
      <Filter>Source Files</Filter>
    </ClInclude>
    <ClInclude Include="utilInternal.h">
      <Filter>Source Files</Filter>
    </ClInclude>
    <ClInclude Include="exports.h">
      <Filter>Source Files</Filter>
    </ClInclude>
    <ClInclude Include="dotnet.h">
      <Filter>Source Files</Filter>
    </ClInclude>
  </ItemGroup>
  <ItemGroup>
    <ClCompile Include="stdafx.cpp">
      <Filter>Source Files</Filter>
    </ClCompile>
    <ClCompile Include="..\..\dlib\dlib\external\libpng\png.c">
      <Filter>dlibExts\png</Filter>
    </ClCompile>
    <ClCompile Include="..\..\dlib\dlib\external\libpng\pngerror.c">
      <Filter>dlibExts\png</Filter>
    </ClCompile>
    <ClCompile Include="..\..\dlib\dlib\external\libpng\pngget.c">
      <Filter>dlibExts\png</Filter>
    </ClCompile>
    <ClCompile Include="..\..\dlib\dlib\external\libpng\pngmem.c">
      <Filter>dlibExts\png</Filter>
    </ClCompile>
    <ClCompile Include="..\..\dlib\dlib\external\libpng\pngpread.c">
      <Filter>dlibExts\png</Filter>
    </ClCompile>
    <ClCompile Include="..\..\dlib\dlib\external\libpng\pngread.c">
      <Filter>dlibExts\png</Filter>
    </ClCompile>
    <ClCompile Include="..\..\dlib\dlib\external\libpng\pngrio.c">
      <Filter>dlibExts\png</Filter>
    </ClCompile>
    <ClCompile Include="..\..\dlib\dlib\external\libpng\pngrtran.c">
      <Filter>dlibExts\png</Filter>
    </ClCompile>
    <ClCompile Include="..\..\dlib\dlib\external\libpng\pngrutil.c">
      <Filter>dlibExts\png</Filter>
    </ClCompile>
    <ClCompile Include="..\..\dlib\dlib\external\libpng\pngset.c">
      <Filter>dlibExts\png</Filter>
    </ClCompile>
    <ClCompile Include="..\..\dlib\dlib\external\libpng\pngtrans.c">
      <Filter>dlibExts\png</Filter>
    </ClCompile>
    <ClCompile Include="..\..\dlib\dlib\external\libpng\pngwio.c">
      <Filter>dlibExts\png</Filter>
    </ClCompile>
    <ClCompile Include="..\..\dlib\dlib\external\libpng\pngwrite.c">
      <Filter>dlibExts\png</Filter>
    </ClCompile>
    <ClCompile Include="..\..\dlib\dlib\external\libpng\pngwtran.c">
      <Filter>dlibExts\png</Filter>
    </ClCompile>
    <ClCompile Include="..\..\dlib\dlib\external\libpng\pngwutil.c">
      <Filter>dlibExts\png</Filter>
    </ClCompile>
    <ClCompile Include="..\..\dlib\dlib\external\zlib\adler32.c">
      <Filter>dlibExts\zlib</Filter>
    </ClCompile>
    <ClCompile Include="..\..\dlib\dlib\external\zlib\compress.c">
      <Filter>dlibExts\zlib</Filter>
    </ClCompile>
    <ClCompile Include="..\..\dlib\dlib\external\zlib\crc32.c">
      <Filter>dlibExts\zlib</Filter>
    </ClCompile>
    <ClCompile Include="..\..\dlib\dlib\external\zlib\deflate.c">
      <Filter>dlibExts\zlib</Filter>
    </ClCompile>
    <ClCompile Include="..\..\dlib\dlib\external\zlib\gzclose.c">
      <Filter>dlibExts\zlib</Filter>
    </ClCompile>
    <ClCompile Include="..\..\dlib\dlib\external\zlib\gzlib.c">
      <Filter>dlibExts\zlib</Filter>
    </ClCompile>
    <ClCompile Include="..\..\dlib\dlib\external\zlib\gzread.c">
      <Filter>dlibExts\zlib</Filter>
    </ClCompile>
    <ClCompile Include="..\..\dlib\dlib\external\zlib\gzwrite.c">
      <Filter>dlibExts\zlib</Filter>
    </ClCompile>
    <ClCompile Include="..\..\dlib\dlib\external\zlib\infback.c">
      <Filter>dlibExts\zlib</Filter>
    </ClCompile>
    <ClCompile Include="..\..\dlib\dlib\external\zlib\inffast.c">
      <Filter>dlibExts\zlib</Filter>
    </ClCompile>
    <ClCompile Include="..\..\dlib\dlib\external\zlib\inflate.c">
      <Filter>dlibExts\zlib</Filter>
    </ClCompile>
    <ClCompile Include="..\..\dlib\dlib\external\zlib\inftrees.c">
      <Filter>dlibExts\zlib</Filter>
    </ClCompile>
    <ClCompile Include="..\..\dlib\dlib\external\zlib\trees.c">
      <Filter>dlibExts\zlib</Filter>
    </ClCompile>
    <ClCompile Include="..\..\dlib\dlib\external\zlib\uncompr.c">
      <Filter>dlibExts\zlib</Filter>
    </ClCompile>
    <ClCompile Include="..\..\dlib\dlib\external\zlib\zutil.c">
      <Filter>dlibExts\zlib</Filter>
    </ClCompile>
    <ClCompile Include="..\..\dlib\dlib\external\libjpeg\jaricom.c">
      <Filter>dlibExts\jpeg</Filter>
    </ClCompile>
    <ClCompile Include="..\..\dlib\dlib\external\libjpeg\jcapimin.c">
      <Filter>dlibExts\jpeg</Filter>
    </ClCompile>
    <ClCompile Include="..\..\dlib\dlib\external\libjpeg\jcapistd.c">
      <Filter>dlibExts\jpeg</Filter>
    </ClCompile>
    <ClCompile Include="..\..\dlib\dlib\external\libjpeg\jcarith.c">
      <Filter>dlibExts\jpeg</Filter>
    </ClCompile>
    <ClCompile Include="..\..\dlib\dlib\external\libjpeg\jccoefct.c">
      <Filter>dlibExts\jpeg</Filter>
    </ClCompile>
    <ClCompile Include="..\..\dlib\dlib\external\libjpeg\jccolor.c">
      <Filter>dlibExts\jpeg</Filter>
    </ClCompile>
    <ClCompile Include="..\..\dlib\dlib\external\libjpeg\jcdctmgr.c">
      <Filter>dlibExts\jpeg</Filter>
    </ClCompile>
    <ClCompile Include="..\..\dlib\dlib\external\libjpeg\jchuff.c">
      <Filter>dlibExts\jpeg</Filter>
    </ClCompile>
    <ClCompile Include="..\..\dlib\dlib\external\libjpeg\jcinit.c">
      <Filter>dlibExts\jpeg</Filter>
    </ClCompile>
    <ClCompile Include="..\..\dlib\dlib\external\libjpeg\jcmainct.c">
      <Filter>dlibExts\jpeg</Filter>
    </ClCompile>
    <ClCompile Include="..\..\dlib\dlib\external\libjpeg\jcmarker.c">
      <Filter>dlibExts\jpeg</Filter>
    </ClCompile>
    <ClCompile Include="..\..\dlib\dlib\external\libjpeg\jcmaster.c">
      <Filter>dlibExts\jpeg</Filter>
    </ClCompile>
    <ClCompile Include="..\..\dlib\dlib\external\libjpeg\jcomapi.c">
      <Filter>dlibExts\jpeg</Filter>
    </ClCompile>
    <ClCompile Include="..\..\dlib\dlib\external\libjpeg\jcparam.c">
      <Filter>dlibExts\jpeg</Filter>
    </ClCompile>
    <ClCompile Include="..\..\dlib\dlib\external\libjpeg\jcprepct.c">
      <Filter>dlibExts\jpeg</Filter>
    </ClCompile>
    <ClCompile Include="..\..\dlib\dlib\external\libjpeg\jcsample.c">
      <Filter>dlibExts\jpeg</Filter>
    </ClCompile>
    <ClCompile Include="..\..\dlib\dlib\external\libjpeg\jctrans.c">
      <Filter>dlibExts\jpeg</Filter>
    </ClCompile>
    <ClCompile Include="..\..\dlib\dlib\external\libjpeg\jdapimin.c">
      <Filter>dlibExts\jpeg</Filter>
    </ClCompile>
    <ClCompile Include="..\..\dlib\dlib\external\libjpeg\jdapistd.c">
      <Filter>dlibExts\jpeg</Filter>
    </ClCompile>
    <ClCompile Include="..\..\dlib\dlib\external\libjpeg\jdarith.c">
      <Filter>dlibExts\jpeg</Filter>
    </ClCompile>
    <ClCompile Include="..\..\dlib\dlib\external\libjpeg\jdatadst.c">
      <Filter>dlibExts\jpeg</Filter>
    </ClCompile>
    <ClCompile Include="..\..\dlib\dlib\external\libjpeg\jdatasrc.c">
      <Filter>dlibExts\jpeg</Filter>
    </ClCompile>
    <ClCompile Include="..\..\dlib\dlib\external\libjpeg\jdcoefct.c">
      <Filter>dlibExts\jpeg</Filter>
    </ClCompile>
    <ClCompile Include="..\..\dlib\dlib\external\libjpeg\jdcolor.c">
      <Filter>dlibExts\jpeg</Filter>
    </ClCompile>
    <ClCompile Include="..\..\dlib\dlib\external\libjpeg\jddctmgr.c">
      <Filter>dlibExts\jpeg</Filter>
    </ClCompile>
    <ClCompile Include="..\..\dlib\dlib\external\libjpeg\jdhuff.c">
      <Filter>dlibExts\jpeg</Filter>
    </ClCompile>
    <ClCompile Include="..\..\dlib\dlib\external\libjpeg\jdinput.c">
      <Filter>dlibExts\jpeg</Filter>
    </ClCompile>
    <ClCompile Include="..\..\dlib\dlib\external\libjpeg\jdmainct.c">
      <Filter>dlibExts\jpeg</Filter>
    </ClCompile>
    <ClCompile Include="..\..\dlib\dlib\external\libjpeg\jdmarker.c">
      <Filter>dlibExts\jpeg</Filter>
    </ClCompile>
    <ClCompile Include="..\..\dlib\dlib\external\libjpeg\jdmaster.c">
      <Filter>dlibExts\jpeg</Filter>
    </ClCompile>
    <ClCompile Include="..\..\dlib\dlib\external\libjpeg\jdmerge.c">
      <Filter>dlibExts\jpeg</Filter>
    </ClCompile>
    <ClCompile Include="..\..\dlib\dlib\external\libjpeg\jdpostct.c">
      <Filter>dlibExts\jpeg</Filter>
    </ClCompile>
    <ClCompile Include="..\..\dlib\dlib\external\libjpeg\jdsample.c">
      <Filter>dlibExts\jpeg</Filter>
    </ClCompile>
    <ClCompile Include="..\..\dlib\dlib\external\libjpeg\jdtrans.c">
      <Filter>dlibExts\jpeg</Filter>
    </ClCompile>
    <ClCompile Include="..\..\dlib\dlib\external\libjpeg\jerror.c">
      <Filter>dlibExts\jpeg</Filter>
    </ClCompile>
    <ClCompile Include="..\..\dlib\dlib\external\libjpeg\jfdctflt.c">
      <Filter>dlibExts\jpeg</Filter>
    </ClCompile>
    <ClCompile Include="..\..\dlib\dlib\external\libjpeg\jfdctfst.c">
      <Filter>dlibExts\jpeg</Filter>
    </ClCompile>
    <ClCompile Include="..\..\dlib\dlib\external\libjpeg\jfdctint.c">
      <Filter>dlibExts\jpeg</Filter>
    </ClCompile>
    <ClCompile Include="..\..\dlib\dlib\external\libjpeg\jidctflt.c">
      <Filter>dlibExts\jpeg</Filter>
    </ClCompile>
    <ClCompile Include="..\..\dlib\dlib\external\libjpeg\jidctfst.c">
      <Filter>dlibExts\jpeg</Filter>
    </ClCompile>
    <ClCompile Include="..\..\dlib\dlib\external\libjpeg\jidctint.c">
      <Filter>dlibExts\jpeg</Filter>
    </ClCompile>
    <ClCompile Include="..\..\dlib\dlib\external\libjpeg\jmemmgr.c">
      <Filter>dlibExts\jpeg</Filter>
    </ClCompile>
    <ClCompile Include="..\..\dlib\dlib\external\libjpeg\jmemname.c">
      <Filter>dlibExts\jpeg</Filter>
    </ClCompile>
    <ClCompile Include="..\..\dlib\dlib\external\libjpeg\jquant1.c">
      <Filter>dlibExts\jpeg</Filter>
    </ClCompile>
    <ClCompile Include="..\..\dlib\dlib\external\libjpeg\jquant2.c">
      <Filter>dlibExts\jpeg</Filter>
    </ClCompile>
    <ClCompile Include="..\..\dlib\dlib\external\libjpeg\jutils.c">
      <Filter>dlibExts\jpeg</Filter>
    </ClCompile>
    <ClCompile Include="..\..\dlib\dlib\external\libjpeg\rdbmp.c">
      <Filter>dlibExts\jpeg</Filter>
    </ClCompile>
    <ClCompile Include="..\..\dlib\dlib\external\libjpeg\rdcolmap.c">
      <Filter>dlibExts\jpeg</Filter>
    </ClCompile>
    <ClCompile Include="..\..\dlib\dlib\external\libjpeg\rdgif.c">
      <Filter>dlibExts\jpeg</Filter>
    </ClCompile>
    <ClCompile Include="..\..\dlib\dlib\external\libjpeg\rdppm.c">
      <Filter>dlibExts\jpeg</Filter>
    </ClCompile>
    <ClCompile Include="..\..\dlib\dlib\external\libjpeg\rdrle.c">
      <Filter>dlibExts\jpeg</Filter>
    </ClCompile>
    <ClCompile Include="..\..\dlib\dlib\external\libjpeg\rdswitch.c">
      <Filter>dlibExts\jpeg</Filter>
    </ClCompile>
    <ClCompile Include="..\..\dlib\dlib\external\libjpeg\rdtarga.c">
      <Filter>dlibExts\jpeg</Filter>
    </ClCompile>
    <ClCompile Include="..\..\dlib\dlib\external\libjpeg\transupp.c">
      <Filter>dlibExts\jpeg</Filter>
    </ClCompile>
    <ClCompile Include="..\..\dlib\dlib\external\libjpeg\wrbmp.c">
      <Filter>dlibExts\jpeg</Filter>
    </ClCompile>
    <ClCompile Include="..\..\dlib\dlib\external\libjpeg\wrgif.c">
      <Filter>dlibExts\jpeg</Filter>
    </ClCompile>
    <ClCompile Include="..\..\dlib\dlib\external\libjpeg\wrppm.c">
      <Filter>dlibExts\jpeg</Filter>
    </ClCompile>
    <ClCompile Include="..\..\dlib\dlib\external\libjpeg\wrrle.c">
      <Filter>dlibExts\jpeg</Filter>
    </ClCompile>
    <ClCompile Include="..\..\dlib\dlib\external\libjpeg\wrtarga.c">
      <Filter>dlibExts\jpeg</Filter>
    </ClCompile>
    <ClCompile Include="VedaFaces.cpp">
      <Filter>Source Files</Filter>
    </ClCompile>
    <ClCompile Include="veda_interface.cpp">
      <Filter>Source Files</Filter>
    </ClCompile>
    <ClCompile Include="windebug.cpp">
      <Filter>Source Files</Filter>
    </ClCompile>
    <ClCompile Include="utils.cpp">
      <Filter>Source Files</Filter>
    </ClCompile>
    <ClCompile Include="cv.cpp">
      <Filter>Source Files</Filter>
    </ClCompile>
    <ClCompile Include="dotnet.cpp">
      <Filter>Source Files</Filter>
    </ClCompile>
  </ItemGroup>
</Project>