
Microsoft Visual Studio Solution File, Format Version 12.00
# Visual Studio 14
VisualStudioVersion = 14.0.25420.1
MinimumVisualStudioVersion = 10.0.40219.1
Project("{2150E333-8FDC-42A3-9474-1A3956D46DE8}") = "cv", "cv", "{68B06650-A120-45A7-809D-7EAFAA2C372C}"
EndProject
Project("{8BC9CEB8-8B4A-11D0-8D11-00A0C91BC942}") = "zlib", "..\opencv.builds\3rdparty\zlib\zlib.vcxproj", "{42917072-0F71-3757-9BB6-0316063300A7}"
EndProject
Project("{8BC9CEB8-8B4A-11D0-8D11-00A0C91BC942}") = "libjpeg-turbo", "..\opencv.builds\3rdparty\libjpeg-turbo\libjpeg-turbo.vcxproj", "{703D7DFA-BFFB-3DBA-9DAC-DCE44C8B7192}"
EndProject
Project("{8BC9CEB8-8B4A-11D0-8D11-00A0C91BC942}") = "libwebp", "..\opencv.builds\3rdparty\libwebp\libwebp.vcxproj", "{71E5A2D3-65A0-3769-95D7-170CA314A97C}"
EndProject
Project("{8BC9CEB8-8B4A-11D0-8D11-00A0C91BC942}") = "libpng", "..\opencv.builds\3rdparty\libpng\libpng.vcxproj", "{B40A937E-87B0-3497-9CED-1A6E6EF29F76}"
EndProject
Project("{8BC9CEB8-8B4A-11D0-8D11-00A0C91BC942}") = "libtiff", "..\opencv.builds\3rdparty\libtiff\libtiff.vcxproj", "{1BC34ACE-A91E-3803-8399-F8EEA7395289}"
EndProject
Project("{8BC9CEB8-8B4A-11D0-8D11-00A0C91BC942}") = "libjasper", "..\opencv.builds\3rdparty\libjasper\libjasper.vcxproj", "{D8C212A3-2B1D-3133-92C1-6AB5F9E6F577}"
EndProject
Project("{8BC9CEB8-8B4A-11D0-8D11-00A0C91BC942}") = "IlmImf", "..\opencv.builds\3rdparty\openexr\IlmImf.vcxproj", "{D597465E-32AA-3A4A-92DA-A319BD90D6CE}"
EndProject
Project("{8BC9CEB8-8B4A-11D0-8D11-00A0C91BC942}") = "opencv_world", "..\opencv.builds\modules\world\opencv_world.vcxproj", "{3C83E6F0-462C-3B90-A374-72F695D08AB8}"
EndProject
Project("{8BC9CEB8-8B4A-11D0-8D11-00A0C91BC942}") = "VedaFaces", "VedaFaces\VedaFaces.vcxproj", "{9828E928-1861-4C10-8F71-CCFAF9AB313A}"
EndProject
Project("{8BC9CEB8-8B4A-11D0-8D11-00A0C91BC942}") = "ConsoleTest", "ConsoleTest\ConsoleTest.vcxproj", "{8EAB92AD-CD25-4F33-ADBF-B4A84C80CD4A}"
EndProject
Global
	GlobalSection(SolutionConfigurationPlatforms) = preSolution
		Debug|Any CPU = Debug|Any CPU
		Debug|ARM = Debug|ARM
		Debug|x64 = Debug|x64
		Debug|x86 = Debug|x86
		Release|Any CPU = Release|Any CPU
		Release|ARM = Release|ARM
		Release|x64 = Release|x64
		Release|x86 = Release|x86
	EndGlobalSection
	GlobalSection(ProjectConfigurationPlatforms) = postSolution
		{42917072-0F71-3757-9BB6-0316063300A7}.Debug|Any CPU.ActiveCfg = Debug|Win32
		{42917072-0F71-3757-9BB6-0316063300A7}.Debug|ARM.ActiveCfg = Debug|Win32
		{42917072-0F71-3757-9BB6-0316063300A7}.Debug|x64.ActiveCfg = Debug|Win32
		{42917072-0F71-3757-9BB6-0316063300A7}.Debug|x86.ActiveCfg = Debug|Win32
		{42917072-0F71-3757-9BB6-0316063300A7}.Debug|x86.Build.0 = Debug|Win32
		{42917072-0F71-3757-9BB6-0316063300A7}.Release|Any CPU.ActiveCfg = Release|Win32
		{42917072-0F71-3757-9BB6-0316063300A7}.Release|ARM.ActiveCfg = Release|Win32
		{42917072-0F71-3757-9BB6-0316063300A7}.Release|x64.ActiveCfg = Release|Win32
		{42917072-0F71-3757-9BB6-0316063300A7}.Release|x86.ActiveCfg = Release|Win32
		{42917072-0F71-3757-9BB6-0316063300A7}.Release|x86.Build.0 = Release|Win32
		{703D7DFA-BFFB-3DBA-9DAC-DCE44C8B7192}.Debug|Any CPU.ActiveCfg = Debug|Win32
		{703D7DFA-BFFB-3DBA-9DAC-DCE44C8B7192}.Debug|ARM.ActiveCfg = Debug|Win32
		{703D7DFA-BFFB-3DBA-9DAC-DCE44C8B7192}.Debug|x64.ActiveCfg = Debug|Win32
		{703D7DFA-BFFB-3DBA-9DAC-DCE44C8B7192}.Debug|x86.ActiveCfg = Debug|Win32
		{703D7DFA-BFFB-3DBA-9DAC-DCE44C8B7192}.Debug|x86.Build.0 = Debug|Win32
		{703D7DFA-BFFB-3DBA-9DAC-DCE44C8B7192}.Release|Any CPU.ActiveCfg = Release|Win32
		{703D7DFA-BFFB-3DBA-9DAC-DCE44C8B7192}.Release|ARM.ActiveCfg = Release|Win32
		{703D7DFA-BFFB-3DBA-9DAC-DCE44C8B7192}.Release|x64.ActiveCfg = Release|x64
		{703D7DFA-BFFB-3DBA-9DAC-DCE44C8B7192}.Release|x86.ActiveCfg = Release|Win32
		{703D7DFA-BFFB-3DBA-9DAC-DCE44C8B7192}.Release|x86.Build.0 = Release|Win32
		{71E5A2D3-65A0-3769-95D7-170CA314A97C}.Debug|Any CPU.ActiveCfg = Debug|Win32
		{71E5A2D3-65A0-3769-95D7-170CA314A97C}.Debug|ARM.ActiveCfg = Debug|Win32
		{71E5A2D3-65A0-3769-95D7-170CA314A97C}.Debug|x64.ActiveCfg = Debug|Win32
		{71E5A2D3-65A0-3769-95D7-170CA314A97C}.Debug|x86.ActiveCfg = Debug|Win32
		{71E5A2D3-65A0-3769-95D7-170CA314A97C}.Debug|x86.Build.0 = Debug|Win32
		{71E5A2D3-65A0-3769-95D7-170CA314A97C}.Release|Any CPU.ActiveCfg = Release|Win32
		{71E5A2D3-65A0-3769-95D7-170CA314A97C}.Release|ARM.ActiveCfg = Release|Win32
		{71E5A2D3-65A0-3769-95D7-170CA314A97C}.Release|x64.ActiveCfg = Release|x64
		{71E5A2D3-65A0-3769-95D7-170CA314A97C}.Release|x86.ActiveCfg = Release|Win32
		{71E5A2D3-65A0-3769-95D7-170CA314A97C}.Release|x86.Build.0 = Release|Win32
		{B40A937E-87B0-3497-9CED-1A6E6EF29F76}.Debug|Any CPU.ActiveCfg = Debug|Win32
		{B40A937E-87B0-3497-9CED-1A6E6EF29F76}.Debug|ARM.ActiveCfg = Debug|Win32
		{B40A937E-87B0-3497-9CED-1A6E6EF29F76}.Debug|x64.ActiveCfg = Debug|Win32
		{B40A937E-87B0-3497-9CED-1A6E6EF29F76}.Debug|x86.ActiveCfg = Debug|Win32
		{B40A937E-87B0-3497-9CED-1A6E6EF29F76}.Debug|x86.Build.0 = Debug|Win32
		{B40A937E-87B0-3497-9CED-1A6E6EF29F76}.Release|Any CPU.ActiveCfg = Release|Win32
		{B40A937E-87B0-3497-9CED-1A6E6EF29F76}.Release|ARM.ActiveCfg = Release|Win32
		{B40A937E-87B0-3497-9CED-1A6E6EF29F76}.Release|x64.ActiveCfg = Release|x64
		{B40A937E-87B0-3497-9CED-1A6E6EF29F76}.Release|x86.ActiveCfg = Release|Win32
		{B40A937E-87B0-3497-9CED-1A6E6EF29F76}.Release|x86.Build.0 = Release|Win32
		{1BC34ACE-A91E-3803-8399-F8EEA7395289}.Debug|Any CPU.ActiveCfg = Debug|Win32
		{1BC34ACE-A91E-3803-8399-F8EEA7395289}.Debug|ARM.ActiveCfg = Debug|Win32
		{1BC34ACE-A91E-3803-8399-F8EEA7395289}.Debug|x64.ActiveCfg = Debug|Win32
		{1BC34ACE-A91E-3803-8399-F8EEA7395289}.Debug|x86.ActiveCfg = Debug|Win32
		{1BC34ACE-A91E-3803-8399-F8EEA7395289}.Debug|x86.Build.0 = Debug|Win32
		{1BC34ACE-A91E-3803-8399-F8EEA7395289}.Release|Any CPU.ActiveCfg = Release|Win32
		{1BC34ACE-A91E-3803-8399-F8EEA7395289}.Release|ARM.ActiveCfg = Release|Win32
		{1BC34ACE-A91E-3803-8399-F8EEA7395289}.Release|x64.ActiveCfg = Release|x64
		{1BC34ACE-A91E-3803-8399-F8EEA7395289}.Release|x86.ActiveCfg = Release|Win32
		{1BC34ACE-A91E-3803-8399-F8EEA7395289}.Release|x86.Build.0 = Release|Win32
		{D8C212A3-2B1D-3133-92C1-6AB5F9E6F577}.Debug|Any CPU.ActiveCfg = Debug|Win32
		{D8C212A3-2B1D-3133-92C1-6AB5F9E6F577}.Debug|ARM.ActiveCfg = Debug|Win32
		{D8C212A3-2B1D-3133-92C1-6AB5F9E6F577}.Debug|x64.ActiveCfg = Debug|Win32
		{D8C212A3-2B1D-3133-92C1-6AB5F9E6F577}.Debug|x86.ActiveCfg = Debug|Win32
		{D8C212A3-2B1D-3133-92C1-6AB5F9E6F577}.Debug|x86.Build.0 = Debug|Win32
		{D8C212A3-2B1D-3133-92C1-6AB5F9E6F577}.Release|Any CPU.ActiveCfg = Release|Win32
		{D8C212A3-2B1D-3133-92C1-6AB5F9E6F577}.Release|ARM.ActiveCfg = Release|Win32
		{D8C212A3-2B1D-3133-92C1-6AB5F9E6F577}.Release|x64.ActiveCfg = Release|x64
		{D8C212A3-2B1D-3133-92C1-6AB5F9E6F577}.Release|x86.ActiveCfg = Release|Win32
		{D8C212A3-2B1D-3133-92C1-6AB5F9E6F577}.Release|x86.Build.0 = Release|Win32
		{D597465E-32AA-3A4A-92DA-A319BD90D6CE}.Debug|Any CPU.ActiveCfg = Debug|Win32
		{D597465E-32AA-3A4A-92DA-A319BD90D6CE}.Debug|ARM.ActiveCfg = Debug|Win32
		{D597465E-32AA-3A4A-92DA-A319BD90D6CE}.Debug|x64.ActiveCfg = Debug|Win32
		{D597465E-32AA-3A4A-92DA-A319BD90D6CE}.Debug|x86.ActiveCfg = Debug|Win32
		{D597465E-32AA-3A4A-92DA-A319BD90D6CE}.Debug|x86.Build.0 = Debug|Win32
		{D597465E-32AA-3A4A-92DA-A319BD90D6CE}.Release|Any CPU.ActiveCfg = Release|Win32
		{D597465E-32AA-3A4A-92DA-A319BD90D6CE}.Release|ARM.ActiveCfg = Release|Win32
		{D597465E-32AA-3A4A-92DA-A319BD90D6CE}.Release|x64.ActiveCfg = Release|x64
		{D597465E-32AA-3A4A-92DA-A319BD90D6CE}.Release|x86.ActiveCfg = Release|Win32
		{D597465E-32AA-3A4A-92DA-A319BD90D6CE}.Release|x86.Build.0 = Release|Win32
		{3C83E6F0-462C-3B90-A374-72F695D08AB8}.Debug|Any CPU.ActiveCfg = Debug|Win32
		{3C83E6F0-462C-3B90-A374-72F695D08AB8}.Debug|ARM.ActiveCfg = Debug|Win32
		{3C83E6F0-462C-3B90-A374-72F695D08AB8}.Debug|x64.ActiveCfg = Debug|x64
		{3C83E6F0-462C-3B90-A374-72F695D08AB8}.Debug|x64.Build.0 = Debug|x64
		{3C83E6F0-462C-3B90-A374-72F695D08AB8}.Debug|x86.ActiveCfg = Debug|Win32
		{3C83E6F0-462C-3B90-A374-72F695D08AB8}.Debug|x86.Build.0 = Debug|Win32
		{3C83E6F0-462C-3B90-A374-72F695D08AB8}.Release|Any CPU.ActiveCfg = Release|Win32
		{3C83E6F0-462C-3B90-A374-72F695D08AB8}.Release|ARM.ActiveCfg = Release|Win32
		{3C83E6F0-462C-3B90-A374-72F695D08AB8}.Release|x64.ActiveCfg = Release|x64
		{3C83E6F0-462C-3B90-A374-72F695D08AB8}.Release|x64.Build.0 = Release|x64
		{3C83E6F0-462C-3B90-A374-72F695D08AB8}.Release|x86.ActiveCfg = Release|Win32
		{3C83E6F0-462C-3B90-A374-72F695D08AB8}.Release|x86.Build.0 = Release|Win32
		{9828E928-1861-4C10-8F71-CCFAF9AB313A}.Debug|Any CPU.ActiveCfg = Debug|Win32
		{9828E928-1861-4C10-8F71-CCFAF9AB313A}.Debug|ARM.ActiveCfg = Debug|Win32
		{9828E928-1861-4C10-8F71-CCFAF9AB313A}.Debug|x64.ActiveCfg = Debug|x64
		{9828E928-1861-4C10-8F71-CCFAF9AB313A}.Debug|x64.Build.0 = Debug|x64
		{9828E928-1861-4C10-8F71-CCFAF9AB313A}.Debug|x86.ActiveCfg = Debug|Win32
		{9828E928-1861-4C10-8F71-CCFAF9AB313A}.Debug|x86.Build.0 = Debug|Win32
		{9828E928-1861-4C10-8F71-CCFAF9AB313A}.Release|Any CPU.ActiveCfg = Release|Win32
		{9828E928-1861-4C10-8F71-CCFAF9AB313A}.Release|ARM.ActiveCfg = Release|Win32
		{9828E928-1861-4C10-8F71-CCFAF9AB313A}.Release|x64.ActiveCfg = Release|x64
		{9828E928-1861-4C10-8F71-CCFAF9AB313A}.Release|x64.Build.0 = Release|x64
		{9828E928-1861-4C10-8F71-CCFAF9AB313A}.Release|x86.ActiveCfg = Release|Win32
		{9828E928-1861-4C10-8F71-CCFAF9AB313A}.Release|x86.Build.0 = Release|Win32
		{8EAB92AD-CD25-4F33-ADBF-B4A84C80CD4A}.Debug|Any CPU.ActiveCfg = Debug|Win32
		{8EAB92AD-CD25-4F33-ADBF-B4A84C80CD4A}.Debug|ARM.ActiveCfg = Debug|Win32
		{8EAB92AD-CD25-4F33-ADBF-B4A84C80CD4A}.Debug|x64.ActiveCfg = Debug|x64
		{8EAB92AD-CD25-4F33-ADBF-B4A84C80CD4A}.Debug|x64.Build.0 = Debug|x64
		{8EAB92AD-CD25-4F33-ADBF-B4A84C80CD4A}.Debug|x86.ActiveCfg = Debug|Win32
		{8EAB92AD-CD25-4F33-ADBF-B4A84C80CD4A}.Debug|x86.Build.0 = Debug|Win32
		{8EAB92AD-CD25-4F33-ADBF-B4A84C80CD4A}.Release|Any CPU.ActiveCfg = Release|Win32
		{8EAB92AD-CD25-4F33-ADBF-B4A84C80CD4A}.Release|ARM.ActiveCfg = Release|Win32
		{8EAB92AD-CD25-4F33-ADBF-B4A84C80CD4A}.Release|x64.ActiveCfg = Release|x64
		{8EAB92AD-CD25-4F33-ADBF-B4A84C80CD4A}.Release|x64.Build.0 = Release|x64
		{8EAB92AD-CD25-4F33-ADBF-B4A84C80CD4A}.Release|x86.ActiveCfg = Release|Win32
		{8EAB92AD-CD25-4F33-ADBF-B4A84C80CD4A}.Release|x86.Build.0 = Release|Win32
	EndGlobalSection
	GlobalSection(SolutionProperties) = preSolution
		HideSolutionNode = FALSE
	EndGlobalSection
	GlobalSection(NestedProjects) = preSolution
		{42917072-0F71-3757-9BB6-0316063300A7} = {68B06650-A120-45A7-809D-7EAFAA2C372C}
		{703D7DFA-BFFB-3DBA-9DAC-DCE44C8B7192} = {68B06650-A120-45A7-809D-7EAFAA2C372C}
		{71E5A2D3-65A0-3769-95D7-170CA314A97C} = {68B06650-A120-45A7-809D-7EAFAA2C372C}
		{B40A937E-87B0-3497-9CED-1A6E6EF29F76} = {68B06650-A120-45A7-809D-7EAFAA2C372C}
		{1BC34ACE-A91E-3803-8399-F8EEA7395289} = {68B06650-A120-45A7-809D-7EAFAA2C372C}
		{D8C212A3-2B1D-3133-92C1-6AB5F9E6F577} = {68B06650-A120-45A7-809D-7EAFAA2C372C}
		{D597465E-32AA-3A4A-92DA-A319BD90D6CE} = {68B06650-A120-45A7-809D-7EAFAA2C372C}
		{3C83E6F0-462C-3B90-A374-72F695D08AB8} = {68B06650-A120-45A7-809D-7EAFAA2C372C}
	EndGlobalSection
EndGlobal
