
Microsoft Visual Studio Solution File, Format Version 12.00
# Visual Studio 14
VisualStudioVersion = 14.0.25420.1
MinimumVisualStudioVersion = 10.0.40219.1
Project("{2150E333-8FDC-42A3-9474-1A3956D46DE8}") = "cv", "cv", "{68B06650-A120-45A7-809D-7EAFAA2C372C}"
EndProject
Project("{8BC9CEB8-8B4A-11D0-8D11-00A0C91BC942}") = "zlib", "..\opencv.builds\3rdparty\zlib\zlib.vcxproj", "{42917072-0F71-3757-9BB6-0316063300A7}"
EndProject
Project("{8BC9CEB8-8B4A-11D0-8D11-00A0C91BC942}") = "libjpeg-turbo", "..\opencv.builds\3rdparty\libjpeg-turbo\libjpeg-turbo.vcxproj", "{703D7DFA-BFFB-3DBA-9DAC-DCE44C8B7192}"
EndProject
Project("{8BC9CEB8-8B4A-11D0-8D11-00A0C91BC942}") = "libwebp", "..\opencv.builds\3rdparty\libwebp\libwebp.vcxproj", "{71E5A2D3-65A0-3769-95D7-170CA314A97C}"
EndProject
Project("{8BC9CEB8-8B4A-11D0-8D11-00A0C91BC942}") = "libpng", "..\opencv.builds\3rdparty\libpng\libpng.vcxproj", "{B40A937E-87B0-3497-9CED-1A6E6EF29F76}"
EndProject
Project("{8BC9CEB8-8B4A-11D0-8D11-00A0C91BC942}") = "libtiff", "..\opencv.builds\3rdparty\libtiff\libtiff.vcxproj", "{1BC34ACE-A91E-3803-8399-F8EEA7395289}"
EndProject
Project("{8BC9CEB8-8B4A-11D0-8D11-00A0C91BC942}") = "libjasper", "..\opencv.builds\3rdparty\libjasper\libjasper.vcxproj", "{D8C212A3-2B1D-3133-92C1-6AB5F9E6F577}"
EndProject
Project("{8BC9CEB8-8B4A-11D0-8D11-00A0C91BC942}") = "IlmImf", "..\opencv.builds\3rdparty\openexr\IlmImf.vcxproj", "{D597465E-32AA-3A4A-92DA-A319BD90D6CE}"
EndProject
Project("{8BC9CEB8-8B4A-11D0-8D11-00A0C91BC942}") = "opencv_world", "..\opencv.builds\modules\world\opencv_world.vcxproj", "{3C83E6F0-462C-3B90-A374-72F695D08AB8}"
EndProject
Project("{8BC9CEB8-8B4A-11D0-8D11-00A0C91BC942}") = "VedaFaces", "VedaFaces\VedaFaces.vcxproj", "{9828E928-1861-4C10-8F71-CCFAF9AB313A}"
	ProjectSection(ProjectDependencies) = postProject
		{D597465E-32AA-3A4A-92DA-A319BD90D6CE} = {D597465E-32AA-3A4A-92DA-A319BD90D6CE}
		{B40A937E-87B0-3497-9CED-1A6E6EF29F76} = {B40A937E-87B0-3497-9CED-1A6E6EF29F76}
		{D8C212A3-2B1D-3133-92C1-6AB5F9E6F577} = {D8C212A3-2B1D-3133-92C1-6AB5F9E6F577}
		{1BC34ACE-A91E-3803-8399-F8EEA7395289} = {1BC34ACE-A91E-3803-8399-F8EEA7395289}
		{71E5A2D3-65A0-3769-95D7-170CA314A97C} = {71E5A2D3-65A0-3769-95D7-170CA314A97C}
		{3C83E6F0-462C-3B90-A374-72F695D08AB8} = {3C83E6F0-462C-3B90-A374-72F695D08AB8}
		{703D7DFA-BFFB-3DBA-9DAC-DCE44C8B7192} = {703D7DFA-BFFB-3DBA-9DAC-DCE44C8B7192}
	EndProjectSection
EndProject
Project("{8BC9CEB8-8B4A-11D0-8D11-00A0C91BC942}") = "ConsoleTest", "ConsoleTest\ConsoleTest.vcxproj", "{8EAB92AD-CD25-4F33-ADBF-B4A84C80CD4A}"
EndProject
Project("{8BC9CEB8-8B4A-11D0-8D11-00A0C91BC942}") = "ConsoleTestSimple", "ConsoleTestSimple\ConsoleTestSimple.vcxproj", "{A9B5F724-5FE8-4CCC-88D0-8B2516718CCE}"
	ProjectSection(ProjectDependencies) = postProject
		{9828E928-1861-4C10-8F71-CCFAF9AB313A} = {9828E928-1861-4C10-8F71-CCFAF9AB313A}
	EndProjectSection
EndProject
Project("{8BC9CEB8-8B4A-11D0-8D11-00A0C91BC942}") = "opencv_world_AVX", "..\opencv.builds\modules\world\opencv_world_AVX.vcxproj", "{B232A0F1-218D-3410-B62B-3E18FBD63030}"
EndProject
Project("{8BC9CEB8-8B4A-11D0-8D11-00A0C91BC942}") = "opencv_world_SSE4_1", "..\opencv.builds\modules\world\opencv_world_SSE4_1.vcxproj", "{78ACC92A-B015-37A1-84F3-FBE218FFE7E7}"
EndProject
Project("{8BC9CEB8-8B4A-11D0-8D11-00A0C91BC942}") = "opencv_world_SSE4_2", "..\opencv.builds\modules\world\opencv_world_SSE4_2.vcxproj", "{C52AFFB9-C3EC-3C52-84F6-92FA1411BD36}"
EndProject
Project("{FAE04EC0-301F-11D3-BF4B-00C04F79EFBC}") = "ConsoleNetTest", "ConsoleNetTest\ConsoleNetTest.csproj", "{012747DC-7336-4E51-B728-A2DA25AC3308}"
EndProject
Global
	GlobalSection(SolutionConfigurationPlatforms) = preSolution
		Debug|Any CPU = Debug|Any CPU
		Debug|ARM = Debug|ARM
		Debug|x64 = Debug|x64
		Debug|x86 = Debug|x86
		Release|Any CPU = Release|Any CPU
		Release|ARM = Release|ARM
		Release|x64 = Release|x64
		Release|x86 = Release|x86
	EndGlobalSection
	GlobalSection(ProjectConfigurationPlatforms) = postSolution
		{42917072-0F71-3757-9BB6-0316063300A7}.Debug|Any CPU.ActiveCfg = Debug|Win32
		{42917072-0F71-3757-9BB6-0316063300A7}.Debug|ARM.ActiveCfg = Debug|Win32
		{42917072-0F71-3757-9BB6-0316063300A7}.Debug|x64.ActiveCfg = Debug|x64
		{42917072-0F71-3757-9BB6-0316063300A7}.Debug|x86.ActiveCfg = Debug|Win32
		{42917072-0F71-3757-9BB6-0316063300A7}.Debug|x86.Build.0 = Debug|Win32
		{42917072-0F71-3757-9BB6-0316063300A7}.Release|Any CPU.ActiveCfg = Release|Win32
		{42917072-0F71-3757-9BB6-0316063300A7}.Release|ARM.ActiveCfg = Release|Win32
		{42917072-0F71-3757-9BB6-0316063300A7}.Release|x64.ActiveCfg = Release|x64
		{42917072-0F71-3757-9BB6-0316063300A7}.Release|x86.ActiveCfg = Release|Win32
		{42917072-0F71-3757-9BB6-0316063300A7}.Release|x86.Build.0 = Release|Win32
		{703D7DFA-BFFB-3DBA-9DAC-DCE44C8B7192}.Debug|Any CPU.ActiveCfg = Debug|Win32
		{703D7DFA-BFFB-3DBA-9DAC-DCE44C8B7192}.Debug|ARM.ActiveCfg = Debug|Win32
		{703D7DFA-BFFB-3DBA-9DAC-DCE44C8B7192}.Debug|x64.ActiveCfg = Debug|x64
		{703D7DFA-BFFB-3DBA-9DAC-DCE44C8B7192}.Debug|x64.Build.0 = Debug|x64
		{703D7DFA-BFFB-3DBA-9DAC-DCE44C8B7192}.Debug|x86.ActiveCfg = Debug|Win32
		{703D7DFA-BFFB-3DBA-9DAC-DCE44C8B7192}.Debug|x86.Build.0 = Debug|Win32
		{703D7DFA-BFFB-3DBA-9DAC-DCE44C8B7192}.Release|Any CPU.ActiveCfg = Release|Win32
		{703D7DFA-BFFB-3DBA-9DAC-DCE44C8B7192}.Release|ARM.ActiveCfg = Release|Win32
		{703D7DFA-BFFB-3DBA-9DAC-DCE44C8B7192}.Release|x64.ActiveCfg = Release|x64
		{703D7DFA-BFFB-3DBA-9DAC-DCE44C8B7192}.Release|x86.ActiveCfg = Release|Win32
		{703D7DFA-BFFB-3DBA-9DAC-DCE44C8B7192}.Release|x86.Build.0 = Release|Win32
		{71E5A2D3-65A0-3769-95D7-170CA314A97C}.Debug|Any CPU.ActiveCfg = Debug|Win32
		{71E5A2D3-65A0-3769-95D7-170CA314A97C}.Debug|ARM.ActiveCfg = Debug|Win32
		{71E5A2D3-65A0-3769-95D7-170CA314A97C}.Debug|x64.ActiveCfg = Debug|x64
		{71E5A2D3-65A0-3769-95D7-170CA314A97C}.Debug|x64.Build.0 = Debug|x64
		{71E5A2D3-65A0-3769-95D7-170CA314A97C}.Debug|x86.ActiveCfg = Debug|Win32
		{71E5A2D3-65A0-3769-95D7-170CA314A97C}.Debug|x86.Build.0 = Debug|Win32
		{71E5A2D3-65A0-3769-95D7-170CA314A97C}.Release|Any CPU.ActiveCfg = Release|Win32
		{71E5A2D3-65A0-3769-95D7-170CA314A97C}.Release|ARM.ActiveCfg = Release|Win32
		{71E5A2D3-65A0-3769-95D7-170CA314A97C}.Release|x64.ActiveCfg = Release|x64
		{71E5A2D3-65A0-3769-95D7-170CA314A97C}.Release|x86.ActiveCfg = Release|Win32
		{71E5A2D3-65A0-3769-95D7-170CA314A97C}.Release|x86.Build.0 = Release|Win32
		{B40A937E-87B0-3497-9CED-1A6E6EF29F76}.Debug|Any CPU.ActiveCfg = Debug|Win32
		{B40A937E-87B0-3497-9CED-1A6E6EF29F76}.Debug|ARM.ActiveCfg = Debug|Win32
		{B40A937E-87B0-3497-9CED-1A6E6EF29F76}.Debug|x64.ActiveCfg = Debug|x64
		{B40A937E-87B0-3497-9CED-1A6E6EF29F76}.Debug|x64.Build.0 = Debug|x64
		{B40A937E-87B0-3497-9CED-1A6E6EF29F76}.Debug|x86.ActiveCfg = Debug|Win32
		{B40A937E-87B0-3497-9CED-1A6E6EF29F76}.Debug|x86.Build.0 = Debug|Win32
		{B40A937E-87B0-3497-9CED-1A6E6EF29F76}.Release|Any CPU.ActiveCfg = Release|Win32
		{B40A937E-87B0-3497-9CED-1A6E6EF29F76}.Release|ARM.ActiveCfg = Release|Win32
		{B40A937E-87B0-3497-9CED-1A6E6EF29F76}.Release|x64.ActiveCfg = Release|x64
		{B40A937E-87B0-3497-9CED-1A6E6EF29F76}.Release|x86.ActiveCfg = Release|Win32
		{B40A937E-87B0-3497-9CED-1A6E6EF29F76}.Release|x86.Build.0 = Release|Win32
		{1BC34ACE-A91E-3803-8399-F8EEA7395289}.Debug|Any CPU.ActiveCfg = Debug|Win32
		{1BC34ACE-A91E-3803-8399-F8EEA7395289}.Debug|ARM.ActiveCfg = Debug|Win32
		{1BC34ACE-A91E-3803-8399-F8EEA7395289}.Debug|x64.ActiveCfg = Debug|x64
		{1BC34ACE-A91E-3803-8399-F8EEA7395289}.Debug|x64.Build.0 = Debug|x64
		{1BC34ACE-A91E-3803-8399-F8EEA7395289}.Debug|x86.ActiveCfg = Debug|Win32
		{1BC34ACE-A91E-3803-8399-F8EEA7395289}.Debug|x86.Build.0 = Debug|Win32
		{1BC34ACE-A91E-3803-8399-F8EEA7395289}.Release|Any CPU.ActiveCfg = Release|Win32
		{1BC34ACE-A91E-3803-8399-F8EEA7395289}.Release|ARM.ActiveCfg = Release|Win32
		{1BC34ACE-A91E-3803-8399-F8EEA7395289}.Release|x64.ActiveCfg = Release|x64
		{1BC34ACE-A91E-3803-8399-F8EEA7395289}.Release|x86.ActiveCfg = Release|Win32
		{1BC34ACE-A91E-3803-8399-F8EEA7395289}.Release|x86.Build.0 = Release|Win32
		{D8C212A3-2B1D-3133-92C1-6AB5F9E6F577}.Debug|Any CPU.ActiveCfg = Debug|Win32
		{D8C212A3-2B1D-3133-92C1-6AB5F9E6F577}.Debug|ARM.ActiveCfg = Debug|Win32
		{D8C212A3-2B1D-3133-92C1-6AB5F9E6F577}.Debug|x64.ActiveCfg = Debug|x64
		{D8C212A3-2B1D-3133-92C1-6AB5F9E6F577}.Debug|x64.Build.0 = Debug|x64
		{D8C212A3-2B1D-3133-92C1-6AB5F9E6F577}.Debug|x86.ActiveCfg = Debug|Win32
		{D8C212A3-2B1D-3133-92C1-6AB5F9E6F577}.Debug|x86.Build.0 = Debug|Win32
		{D8C212A3-2B1D-3133-92C1-6AB5F9E6F577}.Release|Any CPU.ActiveCfg = Release|Win32
		{D8C212A3-2B1D-3133-92C1-6AB5F9E6F577}.Release|ARM.ActiveCfg = Release|Win32
		{D8C212A3-2B1D-3133-92C1-6AB5F9E6F577}.Release|x64.ActiveCfg = Release|x64
		{D8C212A3-2B1D-3133-92C1-6AB5F9E6F577}.Release|x86.ActiveCfg = Release|Win32
		{D8C212A3-2B1D-3133-92C1-6AB5F9E6F577}.Release|x86.Build.0 = Release|Win32
		{D597465E-32AA-3A4A-92DA-A319BD90D6CE}.Debug|Any CPU.ActiveCfg = Debug|Win32
		{D597465E-32AA-3A4A-92DA-A319BD90D6CE}.Debug|ARM.ActiveCfg = Debug|Win32
		{D597465E-32AA-3A4A-92DA-A319BD90D6CE}.Debug|x64.ActiveCfg = Debug|x64
		{D597465E-32AA-3A4A-92DA-A319BD90D6CE}.Debug|x64.Build.0 = Debug|x64
		{D597465E-32AA-3A4A-92DA-A319BD90D6CE}.Debug|x86.ActiveCfg = Debug|Win32
		{D597465E-32AA-3A4A-92DA-A319BD90D6CE}.Debug|x86.Build.0 = Debug|Win32
		{D597465E-32AA-3A4A-92DA-A319BD90D6CE}.Release|Any CPU.ActiveCfg = Release|Win32
		{D597465E-32AA-3A4A-92DA-A319BD90D6CE}.Release|ARM.ActiveCfg = Release|Win32
		{D597465E-32AA-3A4A-92DA-A319BD90D6CE}.Release|x64.ActiveCfg = Release|x64
		{D597465E-32AA-3A4A-92DA-A319BD90D6CE}.Release|x86.ActiveCfg = Release|Win32
		{D597465E-32AA-3A4A-92DA-A319BD90D6CE}.Release|x86.Build.0 = Release|Win32
		{3C83E6F0-462C-3B90-A374-72F695D08AB8}.Debug|Any CPU.ActiveCfg = Debug|Win32
		{3C83E6F0-462C-3B90-A374-72F695D08AB8}.Debug|ARM.ActiveCfg = Debug|Win32
		{3C83E6F0-462C-3B90-A374-72F695D08AB8}.Debug|x64.ActiveCfg = Debug|x64
		{3C83E6F0-462C-3B90-A374-72F695D08AB8}.Debug|x64.Build.0 = Debug|x64
		{3C83E6F0-462C-3B90-A374-72F695D08AB8}.Debug|x86.ActiveCfg = Debug|Win32
		{3C83E6F0-462C-3B90-A374-72F695D08AB8}.Debug|x86.Build.0 = Debug|Win32
		{3C83E6F0-462C-3B90-A374-72F695D08AB8}.Release|Any CPU.ActiveCfg = Release|Win32
		{3C83E6F0-462C-3B90-A374-72F695D08AB8}.Release|ARM.ActiveCfg = Release|Win32
		{3C83E6F0-462C-3B90-A374-72F695D08AB8}.Release|x64.ActiveCfg = Release|x64
		{3C83E6F0-462C-3B90-A374-72F695D08AB8}.Release|x64.Build.0 = Release|x64
		{3C83E6F0-462C-3B90-A374-72F695D08AB8}.Release|x86.ActiveCfg = Release|Win32
		{3C83E6F0-462C-3B90-A374-72F695D08AB8}.Release|x86.Build.0 = Release|Win32
		{9828E928-1861-4C10-8F71-CCFAF9AB313A}.Debug|Any CPU.ActiveCfg = Debug|Win32
		{9828E928-1861-4C10-8F71-CCFAF9AB313A}.Debug|ARM.ActiveCfg = Debug|Win32
		{9828E928-1861-4C10-8F71-CCFAF9AB313A}.Debug|x64.ActiveCfg = Debug|x64
		{9828E928-1861-4C10-8F71-CCFAF9AB313A}.Debug|x64.Build.0 = Debug|x64
		{9828E928-1861-4C10-8F71-CCFAF9AB313A}.Debug|x86.ActiveCfg = Debug|Win32
		{9828E928-1861-4C10-8F71-CCFAF9AB313A}.Debug|x86.Build.0 = Debug|Win32
		{9828E928-1861-4C10-8F71-CCFAF9AB313A}.Release|Any CPU.ActiveCfg = Release|Win32
		{9828E928-1861-4C10-8F71-CCFAF9AB313A}.Release|ARM.ActiveCfg = Release|Win32
		{9828E928-1861-4C10-8F71-CCFAF9AB313A}.Release|x64.ActiveCfg = Release|x64
		{9828E928-1861-4C10-8F71-CCFAF9AB313A}.Release|x64.Build.0 = Release|x64
		{9828E928-1861-4C10-8F71-CCFAF9AB313A}.Release|x86.ActiveCfg = Release|Win32
		{9828E928-1861-4C10-8F71-CCFAF9AB313A}.Release|x86.Build.0 = Release|Win32
		{8EAB92AD-CD25-4F33-ADBF-B4A84C80CD4A}.Debug|Any CPU.ActiveCfg = Debug|Win32
		{8EAB92AD-CD25-4F33-ADBF-B4A84C80CD4A}.Debug|ARM.ActiveCfg = Debug|Win32
		{8EAB92AD-CD25-4F33-ADBF-B4A84C80CD4A}.Debug|x64.ActiveCfg = Debug|x64
		{8EAB92AD-CD25-4F33-ADBF-B4A84C80CD4A}.Debug|x64.Build.0 = Debug|x64
		{8EAB92AD-CD25-4F33-ADBF-B4A84C80CD4A}.Debug|x86.ActiveCfg = Debug|Win32
		{8EAB92AD-CD25-4F33-ADBF-B4A84C80CD4A}.Debug|x86.Build.0 = Debug|Win32
		{8EAB92AD-CD25-4F33-ADBF-B4A84C80CD4A}.Release|Any CPU.ActiveCfg = Release|Win32
		{8EAB92AD-CD25-4F33-ADBF-B4A84C80CD4A}.Release|ARM.ActiveCfg = Release|Win32
		{8EAB92AD-CD25-4F33-ADBF-B4A84C80CD4A}.Release|x64.ActiveCfg = Release|x64
		{8EAB92AD-CD25-4F33-ADBF-B4A84C80CD4A}.Release|x64.Build.0 = Release|x64
		{8EAB92AD-CD25-4F33-ADBF-B4A84C80CD4A}.Release|x86.ActiveCfg = Release|Win32
		{8EAB92AD-CD25-4F33-ADBF-B4A84C80CD4A}.Release|x86.Build.0 = Release|Win32
		{A9B5F724-5FE8-4CCC-88D0-8B2516718CCE}.Debug|Any CPU.ActiveCfg = Debug|Win32
		{A9B5F724-5FE8-4CCC-88D0-8B2516718CCE}.Debug|ARM.ActiveCfg = Debug|Win32
		{A9B5F724-5FE8-4CCC-88D0-8B2516718CCE}.Debug|x64.ActiveCfg = Debug|x64
		{A9B5F724-5FE8-4CCC-88D0-8B2516718CCE}.Debug|x64.Build.0 = Debug|x64
		{A9B5F724-5FE8-4CCC-88D0-8B2516718CCE}.Debug|x86.ActiveCfg = Debug|Win32
		{A9B5F724-5FE8-4CCC-88D0-8B2516718CCE}.Debug|x86.Build.0 = Debug|Win32
		{A9B5F724-5FE8-4CCC-88D0-8B2516718CCE}.Release|Any CPU.ActiveCfg = Release|Win32
		{A9B5F724-5FE8-4CCC-88D0-8B2516718CCE}.Release|ARM.ActiveCfg = Release|Win32
		{A9B5F724-5FE8-4CCC-88D0-8B2516718CCE}.Release|x64.ActiveCfg = Release|x64
		{A9B5F724-5FE8-4CCC-88D0-8B2516718CCE}.Release|x64.Build.0 = Release|x64
		{A9B5F724-5FE8-4CCC-88D0-8B2516718CCE}.Release|x86.ActiveCfg = Release|Win32
		{A9B5F724-5FE8-4CCC-88D0-8B2516718CCE}.Release|x86.Build.0 = Release|Win32
		{B232A0F1-218D-3410-B62B-3E18FBD63030}.Debug|Any CPU.ActiveCfg = Debug|Win32
		{B232A0F1-218D-3410-B62B-3E18FBD63030}.Debug|ARM.ActiveCfg = Debug|Win32
		{B232A0F1-218D-3410-B62B-3E18FBD63030}.Debug|x64.ActiveCfg = Debug|x64
		{B232A0F1-218D-3410-B62B-3E18FBD63030}.Debug|x64.Build.0 = Debug|x64
		{B232A0F1-218D-3410-B62B-3E18FBD63030}.Debug|x86.ActiveCfg = Debug|Win32
		{B232A0F1-218D-3410-B62B-3E18FBD63030}.Debug|x86.Build.0 = Debug|Win32
		{B232A0F1-218D-3410-B62B-3E18FBD63030}.Release|Any CPU.ActiveCfg = Release|Win32
		{B232A0F1-218D-3410-B62B-3E18FBD63030}.Release|ARM.ActiveCfg = Release|Win32
		{B232A0F1-218D-3410-B62B-3E18FBD63030}.Release|x64.ActiveCfg = Release|x64
		{B232A0F1-218D-3410-B62B-3E18FBD63030}.Release|x64.Build.0 = Release|x64
		{B232A0F1-218D-3410-B62B-3E18FBD63030}.Release|x86.ActiveCfg = Release|Win32
		{B232A0F1-218D-3410-B62B-3E18FBD63030}.Release|x86.Build.0 = Release|Win32
		{78ACC92A-B015-37A1-84F3-FBE218FFE7E7}.Debug|Any CPU.ActiveCfg = Debug|Win32
		{78ACC92A-B015-37A1-84F3-FBE218FFE7E7}.Debug|ARM.ActiveCfg = Debug|Win32
		{78ACC92A-B015-37A1-84F3-FBE218FFE7E7}.Debug|x64.ActiveCfg = Debug|x64
		{78ACC92A-B015-37A1-84F3-FBE218FFE7E7}.Debug|x64.Build.0 = Debug|x64
		{78ACC92A-B015-37A1-84F3-FBE218FFE7E7}.Debug|x86.ActiveCfg = Debug|Win32
		{78ACC92A-B015-37A1-84F3-FBE218FFE7E7}.Debug|x86.Build.0 = Debug|Win32
		{78ACC92A-B015-37A1-84F3-FBE218FFE7E7}.Release|Any CPU.ActiveCfg = Release|Win32
		{78ACC92A-B015-37A1-84F3-FBE218FFE7E7}.Release|ARM.ActiveCfg = Release|Win32
		{78ACC92A-B015-37A1-84F3-FBE218FFE7E7}.Release|x64.ActiveCfg = Release|x64
		{78ACC92A-B015-37A1-84F3-FBE218FFE7E7}.Release|x64.Build.0 = Release|x64
		{78ACC92A-B015-37A1-84F3-FBE218FFE7E7}.Release|x86.ActiveCfg = Release|Win32
		{78ACC92A-B015-37A1-84F3-FBE218FFE7E7}.Release|x86.Build.0 = Release|Win32
		{C52AFFB9-C3EC-3C52-84F6-92FA1411BD36}.Debug|Any CPU.ActiveCfg = Debug|Win32
		{C52AFFB9-C3EC-3C52-84F6-92FA1411BD36}.Debug|ARM.ActiveCfg = Debug|Win32
		{C52AFFB9-C3EC-3C52-84F6-92FA1411BD36}.Debug|x64.ActiveCfg = Debug|x64
		{C52AFFB9-C3EC-3C52-84F6-92FA1411BD36}.Debug|x64.Build.0 = Debug|x64
		{C52AFFB9-C3EC-3C52-84F6-92FA1411BD36}.Debug|x86.ActiveCfg = Debug|Win32
		{C52AFFB9-C3EC-3C52-84F6-92FA1411BD36}.Debug|x86.Build.0 = Debug|Win32
		{C52AFFB9-C3EC-3C52-84F6-92FA1411BD36}.Release|Any CPU.ActiveCfg = Release|Win32
		{C52AFFB9-C3EC-3C52-84F6-92FA1411BD36}.Release|ARM.ActiveCfg = Release|Win32
		{C52AFFB9-C3EC-3C52-84F6-92FA1411BD36}.Release|x64.ActiveCfg = Release|x64
		{C52AFFB9-C3EC-3C52-84F6-92FA1411BD36}.Release|x64.Build.0 = Release|x64
		{C52AFFB9-C3EC-3C52-84F6-92FA1411BD36}.Release|x86.ActiveCfg = Release|Win32
		{C52AFFB9-C3EC-3C52-84F6-92FA1411BD36}.Release|x86.Build.0 = Release|Win32
		{012747DC-7336-4E51-B728-A2DA25AC3308}.Debug|Any CPU.ActiveCfg = Debug|Any CPU
		{012747DC-7336-4E51-B728-A2DA25AC3308}.Debug|Any CPU.Build.0 = Debug|Any CPU
		{012747DC-7336-4E51-B728-A2DA25AC3308}.Debug|ARM.ActiveCfg = Debug|Any CPU
		{012747DC-7336-4E51-B728-A2DA25AC3308}.Debug|ARM.Build.0 = Debug|Any CPU
		{012747DC-7336-4E51-B728-A2DA25AC3308}.Debug|x64.ActiveCfg = Debug|Any CPU
		{012747DC-7336-4E51-B728-A2DA25AC3308}.Debug|x64.Build.0 = Debug|Any CPU
		{012747DC-7336-4E51-B728-A2DA25AC3308}.Debug|x86.ActiveCfg = Debug|Any CPU
		{012747DC-7336-4E51-B728-A2DA25AC3308}.Debug|x86.Build.0 = Debug|Any CPU
		{012747DC-7336-4E51-B728-A2DA25AC3308}.Release|Any CPU.ActiveCfg = Release|Any CPU
		{012747DC-7336-4E51-B728-A2DA25AC3308}.Release|Any CPU.Build.0 = Release|Any CPU
		{012747DC-7336-4E51-B728-A2DA25AC3308}.Release|ARM.ActiveCfg = Release|Any CPU
		{012747DC-7336-4E51-B728-A2DA25AC3308}.Release|ARM.Build.0 = Release|Any CPU
		{012747DC-7336-4E51-B728-A2DA25AC3308}.Release|x64.ActiveCfg = Release|x64
		{012747DC-7336-4E51-B728-A2DA25AC3308}.Release|x64.Build.0 = Release|x64
		{012747DC-7336-4E51-B728-A2DA25AC3308}.Release|x86.ActiveCfg = Release|Any CPU
		{012747DC-7336-4E51-B728-A2DA25AC3308}.Release|x86.Build.0 = Release|Any CPU
	EndGlobalSection
	GlobalSection(SolutionProperties) = preSolution
		HideSolutionNode = FALSE
	EndGlobalSection
	GlobalSection(NestedProjects) = preSolution
		{42917072-0F71-3757-9BB6-0316063300A7} = {68B06650-A120-45A7-809D-7EAFAA2C372C}
		{703D7DFA-BFFB-3DBA-9DAC-DCE44C8B7192} = {68B06650-A120-45A7-809D-7EAFAA2C372C}
		{71E5A2D3-65A0-3769-95D7-170CA314A97C} = {68B06650-A120-45A7-809D-7EAFAA2C372C}
		{B40A937E-87B0-3497-9CED-1A6E6EF29F76} = {68B06650-A120-45A7-809D-7EAFAA2C372C}
		{1BC34ACE-A91E-3803-8399-F8EEA7395289} = {68B06650-A120-45A7-809D-7EAFAA2C372C}
		{D8C212A3-2B1D-3133-92C1-6AB5F9E6F577} = {68B06650-A120-45A7-809D-7EAFAA2C372C}
		{D597465E-32AA-3A4A-92DA-A319BD90D6CE} = {68B06650-A120-45A7-809D-7EAFAA2C372C}
		{3C83E6F0-462C-3B90-A374-72F695D08AB8} = {68B06650-A120-45A7-809D-7EAFAA2C372C}
		{B232A0F1-218D-3410-B62B-3E18FBD63030} = {68B06650-A120-45A7-809D-7EAFAA2C372C}
		{78ACC92A-B015-37A1-84F3-FBE218FFE7E7} = {68B06650-A120-45A7-809D-7EAFAA2C372C}
		{C52AFFB9-C3EC-3C52-84F6-92FA1411BD36} = {68B06650-A120-45A7-809D-7EAFAA2C372C}
	EndGlobalSection
EndGlobal
